// !$*UTF8*$!
{
	archiveVersion = 1;
	classes = {
	};
	objectVersion = 56;
	objects = {

/* Begin PBXBuildFile section */
		E42E9DE62A4D7F3A00646494 /* AppDelegate.swift in Sources */ = {isa = PBXBuildFile; fileRef = E42E9DE52A4D7F3A00646494 /* AppDelegate.swift */; };
		E42E9DE82A4D7F3A00646494 /* SceneDelegate.swift in Sources */ = {isa = PBXBuildFile; fileRef = E42E9DE72A4D7F3A00646494 /* SceneDelegate.swift */; };
		E42E9DEA2A4D7F3A00646494 /* ViewController.swift in Sources */ = {isa = PBXBuildFile; fileRef = E42E9DE92A4D7F3A00646494 /* ViewController.swift */; };
		E42E9DED2A4D7F3A00646494 /* Main.storyboard in Resources */ = {isa = PBXBuildFile; fileRef = E42E9DEB2A4D7F3A00646494 /* Main.storyboard */; };
		E42E9DEF2A4D7F3A00646494 /* Assets.xcassets in Resources */ = {isa = PBXBuildFile; fileRef = E42E9DEE2A4D7F3A00646494 /* Assets.xcassets */; };
		E42E9DF22A4D7F3A00646494 /* LaunchScreen.storyboard in Resources */ = {isa = PBXBuildFile; fileRef = E42E9DF02A4D7F3A00646494 /* LaunchScreen.storyboard */; };
		E43D5D4E2A54775700C88ED1 /* LibraryVC.swift in Sources */ = {isa = PBXBuildFile; fileRef = E43D5D4D2A54775700C88ED1 /* LibraryVC.swift */; };
		E43D5D502A5487BC00C88ED1 /* CustomSongCell.swift in Sources */ = {isa = PBXBuildFile; fileRef = E43D5D4F2A5487BC00C88ED1 /* CustomSongCell.swift */; };
		E457C02A2A4ED1E300F1D55A /* EmCuaNgayHomQua.mp3 in Resources */ = {isa = PBXBuildFile; fileRef = E457C0292A4ED1E300F1D55A /* EmCuaNgayHomQua.mp3 */; };
		E48855832A52CB8000378CF3 /* Song.swift in Sources */ = {isa = PBXBuildFile; fileRef = E48855822A52CB8000378CF3 /* Song.swift */; };
		E48BE1462A54223E00B67CDF /* Constants.swift in Sources */ = {isa = PBXBuildFile; fileRef = E48BE1452A54223E00B67CDF /* Constants.swift */; };
		E4C02B442A51DAD7007A6300 /* NoiNayCoAnh.mp3 in Resources */ = {isa = PBXBuildFile; fileRef = E4C02B432A51DAD7007A6300 /* NoiNayCoAnh.mp3 */; };
		E4C02B4C2A51DE08007A6300 /* WaitingForYou.mp3 in Resources */ = {isa = PBXBuildFile; fileRef = E4C02B4B2A51DE08007A6300 /* WaitingForYou.mp3 */; };
		E4C02B4E2A51E826007A6300 /* WaitingForYouImg.jpg in Resources */ = {isa = PBXBuildFile; fileRef = E4C02B4D2A51E826007A6300 /* WaitingForYouImg.jpg */; };
		E4C02B502A51E82F007A6300 /* EmCuaNgayHomQuaImg.jpg in Resources */ = {isa = PBXBuildFile; fileRef = E4C02B4F2A51E82F007A6300 /* EmCuaNgayHomQuaImg.jpg */; };
		E4C02B522A51E835007A6300 /* NoiNayCoAnhImg.jpg in Resources */ = {isa = PBXBuildFile; fileRef = E4C02B512A51E835007A6300 /* NoiNayCoAnhImg.jpg */; };
/* End PBXBuildFile section */

/* Begin PBXFileReference section */
		E42E9DE22A4D7F3A00646494 /* App_Music.app */ = {isa = PBXFileReference; explicitFileType = wrapper.application; includeInIndex = 0; path = App_Music.app; sourceTree = BUILT_PRODUCTS_DIR; };
		E42E9DE52A4D7F3A00646494 /* AppDelegate.swift */ = {isa = PBXFileReference; lastKnownFileType = sourcecode.swift; path = AppDelegate.swift; sourceTree = "<group>"; };
		E42E9DE72A4D7F3A00646494 /* SceneDelegate.swift */ = {isa = PBXFileReference; lastKnownFileType = sourcecode.swift; path = SceneDelegate.swift; sourceTree = "<group>"; };
		E42E9DE92A4D7F3A00646494 /* ViewController.swift */ = {isa = PBXFileReference; lastKnownFileType = sourcecode.swift; path = ViewController.swift; sourceTree = "<group>"; };
		E42E9DEC2A4D7F3A00646494 /* Base */ = {isa = PBXFileReference; lastKnownFileType = file.storyboard; name = Base; path = Base.lproj/Main.storyboard; sourceTree = "<group>"; };
		E42E9DEE2A4D7F3A00646494 /* Assets.xcassets */ = {isa = PBXFileReference; lastKnownFileType = folder.assetcatalog; path = Assets.xcassets; sourceTree = "<group>"; };
		E42E9DF12A4D7F3A00646494 /* Base */ = {isa = PBXFileReference; lastKnownFileType = file.storyboard; name = Base; path = Base.lproj/LaunchScreen.storyboard; sourceTree = "<group>"; };
		E42E9DF32A4D7F3A00646494 /* Info.plist */ = {isa = PBXFileReference; lastKnownFileType = text.plist.xml; path = Info.plist; sourceTree = "<group>"; };
		E43D5D4D2A54775700C88ED1 /* LibraryVC.swift */ = {isa = PBXFileReference; lastKnownFileType = sourcecode.swift; path = LibraryVC.swift; sourceTree = "<group>"; };
		E43D5D4F2A5487BC00C88ED1 /* CustomSongCell.swift */ = {isa = PBXFileReference; lastKnownFileType = sourcecode.swift; path = CustomSongCell.swift; sourceTree = "<group>"; };
		E457C0292A4ED1E300F1D55A /* EmCuaNgayHomQua.mp3 */ = {isa = PBXFileReference; lastKnownFileType = audio.mp3; path = EmCuaNgayHomQua.mp3; sourceTree = "<group>"; };
		E48855822A52CB8000378CF3 /* Song.swift */ = {isa = PBXFileReference; lastKnownFileType = sourcecode.swift; path = Song.swift; sourceTree = "<group>"; };
		E48BE1452A54223E00B67CDF /* Constants.swift */ = {isa = PBXFileReference; fileEncoding = 4; lastKnownFileType = sourcecode.swift; path = Constants.swift; sourceTree = "<group>"; };
		E4C02B432A51DAD7007A6300 /* NoiNayCoAnh.mp3 */ = {isa = PBXFileReference; lastKnownFileType = audio.mp3; path = NoiNayCoAnh.mp3; sourceTree = "<group>"; };
		E4C02B4B2A51DE08007A6300 /* WaitingForYou.mp3 */ = {isa = PBXFileReference; lastKnownFileType = audio.mp3; path = WaitingForYou.mp3; sourceTree = "<group>"; };
		E4C02B4D2A51E826007A6300 /* WaitingForYouImg.jpg */ = {isa = PBXFileReference; lastKnownFileType = image.jpeg; path = WaitingForYouImg.jpg; sourceTree = "<group>"; };
		E4C02B4F2A51E82F007A6300 /* EmCuaNgayHomQuaImg.jpg */ = {isa = PBXFileReference; lastKnownFileType = image.jpeg; path = EmCuaNgayHomQuaImg.jpg; sourceTree = "<group>"; };
		E4C02B512A51E835007A6300 /* NoiNayCoAnhImg.jpg */ = {isa = PBXFileReference; lastKnownFileType = image.jpeg; path = NoiNayCoAnhImg.jpg; sourceTree = "<group>"; };
/* End PBXFileReference section */

/* Begin PBXFrameworksBuildPhase section */
		E42E9DDF2A4D7F3A00646494 /* Frameworks */ = {
			isa = PBXFrameworksBuildPhase;
			buildActionMask = 2147483647;
			files = (
			);
			runOnlyForDeploymentPostprocessing = 0;
		};
/* End PBXFrameworksBuildPhase section */

/* Begin PBXGroup section */
		E42E9DD92A4D7F3A00646494 = {
			isa = PBXGroup;
			children = (
				E42E9DE42A4D7F3A00646494 /* App_Music */,
				E42E9DE32A4D7F3A00646494 /* Products */,
			);
			sourceTree = "<group>";
		};
		E42E9DE32A4D7F3A00646494 /* Products */ = {
			isa = PBXGroup;
			children = (
				E42E9DE22A4D7F3A00646494 /* App_Music.app */,
			);
			name = Products;
			sourceTree = "<group>";
		};
		E42E9DE42A4D7F3A00646494 /* App_Music */ = {
			isa = PBXGroup;
			children = (
				E457C0292A4ED1E300F1D55A /* EmCuaNgayHomQua.mp3 */,
				E4C02B432A51DAD7007A6300 /* NoiNayCoAnh.mp3 */,
				E4C02B4B2A51DE08007A6300 /* WaitingForYou.mp3 */,
				E4C02B4D2A51E826007A6300 /* WaitingForYouImg.jpg */,
				E4C02B4F2A51E82F007A6300 /* EmCuaNgayHomQuaImg.jpg */,
				E4C02B512A51E835007A6300 /* NoiNayCoAnhImg.jpg */,
				E42E9DE52A4D7F3A00646494 /* AppDelegate.swift */,
				E42E9DE72A4D7F3A00646494 /* SceneDelegate.swift */,
				E43D5D4D2A54775700C88ED1 /* LibraryVC.swift */,
				E42E9DE92A4D7F3A00646494 /* ViewController.swift */,
				E42E9DEB2A4D7F3A00646494 /* Main.storyboard */,
				E42E9DEE2A4D7F3A00646494 /* Assets.xcassets */,
				E42E9DF02A4D7F3A00646494 /* LaunchScreen.storyboard */,
				E42E9DF32A4D7F3A00646494 /* Info.plist */,
				E43D5D4F2A5487BC00C88ED1 /* CustomSongCell.swift */,
				E48855822A52CB8000378CF3 /* Song.swift */,
				E48BE1452A54223E00B67CDF /* Constants.swift */,
			);
			path = App_Music;
			sourceTree = "<group>";
		};
/* End PBXGroup section */

/* Begin PBXNativeTarget section */
		E42E9DE12A4D7F3A00646494 /* App_Music */ = {
			isa = PBXNativeTarget;
			buildConfigurationList = E42E9DF62A4D7F3A00646494 /* Build configuration list for PBXNativeTarget "App_Music" */;
			buildPhases = (
				E42E9DDE2A4D7F3A00646494 /* Sources */,
				E42E9DDF2A4D7F3A00646494 /* Frameworks */,
				E42E9DE02A4D7F3A00646494 /* Resources */,
			);
			buildRules = (
			);
			dependencies = (
			);
			name = App_Music;
			productName = App_Music;
			productReference = E42E9DE22A4D7F3A00646494 /* App_Music.app */;
			productType = "com.apple.product-type.application";
		};
/* End PBXNativeTarget section */

/* Begin PBXProject section */
		E42E9DDA2A4D7F3A00646494 /* Project object */ = {
			isa = PBXProject;
			attributes = {
				BuildIndependentTargetsInParallel = 1;
				LastSwiftUpdateCheck = 1430;
				LastUpgradeCheck = 1430;
				TargetAttributes = {
					E42E9DE12A4D7F3A00646494 = {
						CreatedOnToolsVersion = 14.3.1;
					};
				};
			};
			buildConfigurationList = E42E9DDD2A4D7F3A00646494 /* Build configuration list for PBXProject "App_Music" */;
			compatibilityVersion = "Xcode 14.0";
			developmentRegion = en;
			hasScannedForEncodings = 0;
			knownRegions = (
				en,
				Base,
			);
			mainGroup = E42E9DD92A4D7F3A00646494;
			productRefGroup = E42E9DE32A4D7F3A00646494 /* Products */;
			projectDirPath = "";
			projectRoot = "";
			targets = (
				E42E9DE12A4D7F3A00646494 /* App_Music */,
			);
		};
/* End PBXProject section */

/* Begin PBXResourcesBuildPhase section */
		E42E9DE02A4D7F3A00646494 /* Resources */ = {
			isa = PBXResourcesBuildPhase;
			buildActionMask = 2147483647;
			files = (
				E4C02B442A51DAD7007A6300 /* NoiNayCoAnh.mp3 in Resources */,
				E42E9DF22A4D7F3A00646494 /* LaunchScreen.storyboard in Resources */,
				E457C02A2A4ED1E300F1D55A /* EmCuaNgayHomQua.mp3 in Resources */,
				E42E9DEF2A4D7F3A00646494 /* Assets.xcassets in Resources */,
				E4C02B522A51E835007A6300 /* NoiNayCoAnhImg.jpg in Resources */,
				E4C02B4C2A51DE08007A6300 /* WaitingForYou.mp3 in Resources */,
				E4C02B4E2A51E826007A6300 /* WaitingForYouImg.jpg in Resources */,
				E42E9DED2A4D7F3A00646494 /* Main.storyboard in Resources */,
				E4C02B502A51E82F007A6300 /* EmCuaNgayHomQuaImg.jpg in Resources */,
			);
			runOnlyForDeploymentPostprocessing = 0;
		};
/* End PBXResourcesBuildPhase section */

/* Begin PBXSourcesBuildPhase section */
		E42E9DDE2A4D7F3A00646494 /* Sources */ = {
			isa = PBXSourcesBuildPhase;
			buildActionMask = 2147483647;
			files = (
				E43D5D502A5487BC00C88ED1 /* CustomSongCell.swift in Sources */,
				E48BE1462A54223E00B67CDF /* Constants.swift in Sources */,
				E48855832A52CB8000378CF3 /* Song.swift in Sources */,
				E43D5D4E2A54775700C88ED1 /* LibraryVC.swift in Sources */,
				E42E9DEA2A4D7F3A00646494 /* ViewController.swift in Sources */,
				E42E9DE62A4D7F3A00646494 /* AppDelegate.swift in Sources */,
				E42E9DE82A4D7F3A00646494 /* SceneDelegate.swift in Sources */,
			);
			runOnlyForDeploymentPostprocessing = 0;
		};
/* End PBXSourcesBuildPhase section */

/* Begin PBXVariantGroup section */
		E42E9DEB2A4D7F3A00646494 /* Main.storyboard */ = {
			isa = PBXVariantGroup;
			children = (
				E42E9DEC2A4D7F3A00646494 /* Base */,
			);
			name = Main.storyboard;
			sourceTree = "<group>";
		};
		E42E9DF02A4D7F3A00646494 /* LaunchScreen.storyboard */ = {
			isa = PBXVariantGroup;
			children = (
				E42E9DF12A4D7F3A00646494 /* Base */,
			);
			name = LaunchScreen.storyboard;
			sourceTree = "<group>";
		};
/* End PBXVariantGroup section */

/* Begin XCBuildConfiguration section */
		E42E9DF42A4D7F3A00646494 /* Debug */ = {
			isa = XCBuildConfiguration;
			buildSettings = {
				ALWAYS_SEARCH_USER_PATHS = NO;
				CLANG_ANALYZER_NONNULL = YES;
				CLANG_ANALYZER_NUMBER_OBJECT_CONVERSION = YES_AGGRESSIVE;
				CLANG_CXX_LANGUAGE_STANDARD = "gnu++20";
				CLANG_ENABLE_MODULES = YES;
				CLANG_ENABLE_OBJC_ARC = YES;
				CLANG_ENABLE_OBJC_WEAK = YES;
				CLANG_WARN_BLOCK_CAPTURE_AUTORELEASING = YES;
				CLANG_WARN_BOOL_CONVERSION = YES;
				CLANG_WARN_COMMA = YES;
				CLANG_WARN_CONSTANT_CONVERSION = YES;
				CLANG_WARN_DEPRECATED_OBJC_IMPLEMENTATIONS = YES;
				CLANG_WARN_DIRECT_OBJC_ISA_USAGE = YES_ERROR;
				CLANG_WARN_DOCUMENTATION_COMMENTS = YES;
				CLANG_WARN_EMPTY_BODY = YES;
				CLANG_WARN_ENUM_CONVERSION = YES;
				CLANG_WARN_INFINITE_RECURSION = YES;
				CLANG_WARN_INT_CONVERSION = YES;
				CLANG_WARN_NON_LITERAL_NULL_CONVERSION = YES;
				CLANG_WARN_OBJC_IMPLICIT_RETAIN_SELF = YES;
				CLANG_WARN_OBJC_LITERAL_CONVERSION = YES;
				CLANG_WARN_OBJC_ROOT_CLASS = YES_ERROR;
				CLANG_WARN_QUOTED_INCLUDE_IN_FRAMEWORK_HEADER = YES;
				CLANG_WARN_RANGE_LOOP_ANALYSIS = YES;
				CLANG_WARN_STRICT_PROTOTYPES = YES;
				CLANG_WARN_SUSPICIOUS_MOVE = YES;
				CLANG_WARN_UNGUARDED_AVAILABILITY = YES_AGGRESSIVE;
				CLANG_WARN_UNREACHABLE_CODE = YES;
				CLANG_WARN__DUPLICATE_METHOD_MATCH = YES;
				COPY_PHASE_STRIP = NO;
				DEBUG_INFORMATION_FORMAT = dwarf;
				ENABLE_STRICT_OBJC_MSGSEND = YES;
				ENABLE_TESTABILITY = YES;
				GCC_C_LANGUAGE_STANDARD = gnu11;
				GCC_DYNAMIC_NO_PIC = NO;
				GCC_NO_COMMON_BLOCKS = YES;
				GCC_OPTIMIZATION_LEVEL = 0;
				GCC_PREPROCESSOR_DEFINITIONS = (
					"DEBUG=1",
					"$(inherited)",
				);
				GCC_WARN_64_TO_32_BIT_CONVERSION = YES;
				GCC_WARN_ABOUT_RETURN_TYPE = YES_ERROR;
				GCC_WARN_UNDECLARED_SELECTOR = YES;
				GCC_WARN_UNINITIALIZED_AUTOS = YES_AGGRESSIVE;
				GCC_WARN_UNUSED_FUNCTION = YES;
				GCC_WARN_UNUSED_VARIABLE = YES;
				IPHONEOS_DEPLOYMENT_TARGET = 16.4;
				MTL_ENABLE_DEBUG_INFO = INCLUDE_SOURCE;
				MTL_FAST_MATH = YES;
				ONLY_ACTIVE_ARCH = YES;
				SDKROOT = iphoneos;
				SWIFT_ACTIVE_COMPILATION_CONDITIONS = DEBUG;
				SWIFT_OPTIMIZATION_LEVEL = "-Onone";
			};
			name = Debug;
		};
		E42E9DF52A4D7F3A00646494 /* Release */ = {
			isa = XCBuildConfiguration;
			buildSettings = {
				ALWAYS_SEARCH_USER_PATHS = NO;
				CLANG_ANALYZER_NONNULL = YES;
				CLANG_ANALYZER_NUMBER_OBJECT_CONVERSION = YES_AGGRESSIVE;
				CLANG_CXX_LANGUAGE_STANDARD = "gnu++20";
				CLANG_ENABLE_MODULES = YES;
				CLANG_ENABLE_OBJC_ARC = YES;
				CLANG_ENABLE_OBJC_WEAK = YES;
				CLANG_WARN_BLOCK_CAPTURE_AUTORELEASING = YES;
				CLANG_WARN_BOOL_CONVERSION = YES;
				CLANG_WARN_COMMA = YES;
				CLANG_WARN_CONSTANT_CONVERSION = YES;
				CLANG_WARN_DEPRECATED_OBJC_IMPLEMENTATIONS = YES;
				CLANG_WARN_DIRECT_OBJC_ISA_USAGE = YES_ERROR;
				CLANG_WARN_DOCUMENTATION_COMMENTS = YES;
				CLANG_WARN_EMPTY_BODY = YES;
				CLANG_WARN_ENUM_CONVERSION = YES;
				CLANG_WARN_INFINITE_RECURSION = YES;
				CLANG_WARN_INT_CONVERSION = YES;
				CLANG_WARN_NON_LITERAL_NULL_CONVERSION = YES;
				CLANG_WARN_OBJC_IMPLICIT_RETAIN_SELF = YES;
				CLANG_WARN_OBJC_LITERAL_CONVERSION = YES;
				CLANG_WARN_OBJC_ROOT_CLASS = YES_ERROR;
				CLANG_WARN_QUOTED_INCLUDE_IN_FRAMEWORK_HEADER = YES;
				CLANG_WARN_RANGE_LOOP_ANALYSIS = YES;
				CLANG_WARN_STRICT_PROTOTYPES = YES;
				CLANG_WARN_SUSPICIOUS_MOVE = YES;
				CLANG_WARN_UNGUARDED_AVAILABILITY = YES_AGGRESSIVE;
				CLANG_WARN_UNREACHABLE_CODE = YES;
				CLANG_WARN__DUPLICATE_METHOD_MATCH = YES;
				COPY_PHASE_STRIP = NO;
				DEBUG_INFORMATION_FORMAT = "dwarf-with-dsym";
				ENABLE_NS_ASSERTIONS = NO;
				ENABLE_STRICT_OBJC_MSGSEND = YES;
				GCC_C_LANGUAGE_STANDARD = gnu11;
				GCC_NO_COMMON_BLOCKS = YES;
				GCC_WARN_64_TO_32_BIT_CONVERSION = YES;
				GCC_WARN_ABOUT_RETURN_TYPE = YES_ERROR;
				GCC_WARN_UNDECLARED_SELECTOR = YES;
				GCC_WARN_UNINITIALIZED_AUTOS = YES_AGGRESSIVE;
				GCC_WARN_UNUSED_FUNCTION = YES;
				GCC_WARN_UNUSED_VARIABLE = YES;
				IPHONEOS_DEPLOYMENT_TARGET = 16.4;
				MTL_ENABLE_DEBUG_INFO = NO;
				MTL_FAST_MATH = YES;
				SDKROOT = iphoneos;
				SWIFT_COMPILATION_MODE = wholemodule;
				SWIFT_OPTIMIZATION_LEVEL = "-O";
				VALIDATE_PRODUCT = YES;
			};
			name = Release;
		};
		E42E9DF72A4D7F3A00646494 /* Debug */ = {
			isa = XCBuildConfiguration;
			buildSettings = {
				ASSETCATALOG_COMPILER_APPICON_NAME = AppIcon;
				ASSETCATALOG_COMPILER_GLOBAL_ACCENT_COLOR_NAME = AccentColor;
				CODE_SIGN_STYLE = Automatic;
				CURRENT_PROJECT_VERSION = 1;
				GENERATE_INFOPLIST_FILE = YES;
				INFOPLIST_FILE = App_Music/Info.plist;
				INFOPLIST_KEY_UIApplicationSupportsIndirectInputEvents = YES;
				INFOPLIST_KEY_UILaunchStoryboardName = LaunchScreen;
				INFOPLIST_KEY_UIMainStoryboardFile = Main;
				INFOPLIST_KEY_UISupportedInterfaceOrientations_iPad = "UIInterfaceOrientationPortrait UIInterfaceOrientationPortraitUpsideDown UIInterfaceOrientationLandscapeLeft UIInterfaceOrientationLandscapeRight";
				INFOPLIST_KEY_UISupportedInterfaceOrientations_iPhone = "UIInterfaceOrientationPortrait UIInterfaceOrientationLandscapeLeft UIInterfaceOrientationLandscapeRight";
				LD_RUNPATH_SEARCH_PATHS = (
					"$(inherited)",
					"@executable_path/Frameworks",
				);
				MARKETING_VERSION = 1.0;
				PRODUCT_BUNDLE_IDENTIFIER = "TomasThai.App-Music";
				PRODUCT_NAME = "$(TARGET_NAME)";
				SWIFT_EMIT_LOC_STRINGS = YES;
				SWIFT_VERSION = 5.0;
				TARGETED_DEVICE_FAMILY = "1,2";
			};
			name = Debug;
		};
		E42E9DF82A4D7F3A00646494 /* Release */ = {
			isa = XCBuildConfiguration;
			buildSettings = {
				ASSETCATALOG_COMPILER_APPICON_NAME = AppIcon;
				ASSETCATALOG_COMPILER_GLOBAL_ACCENT_COLOR_NAME = AccentColor;
				CODE_SIGN_STYLE = Automatic;
				CURRENT_PROJECT_VERSION = 1;
				GENERATE_INFOPLIST_FILE = YES;
				INFOPLIST_FILE = App_Music/Info.plist;
				INFOPLIST_KEY_UIApplicationSupportsIndirectInputEvents = YES;
				INFOPLIST_KEY_UILaunchStoryboardName = LaunchScreen;
				INFOPLIST_KEY_UIMainStoryboardFile = Main;
				INFOPLIST_KEY_UISupportedInterfaceOrientations_iPad = "UIInterfaceOrientationPortrait UIInterfaceOrientationPortraitUpsideDown UIInterfaceOrientationLandscapeLeft UIInterfaceOrientationLandscapeRight";
				INFOPLIST_KEY_UISupportedInterfaceOrientations_iPhone = "UIInterfaceOrientationPortrait UIInterfaceOrientationLandscapeLeft UIInterfaceOrientationLandscapeRight";
				LD_RUNPATH_SEARCH_PATHS = (
					"$(inherited)",
					"@executable_path/Frameworks",
				);
				MARKETING_VERSION = 1.0;
				PRODUCT_BUNDLE_IDENTIFIER = "TomasThai.App-Music";
				PRODUCT_NAME = "$(TARGET_NAME)";
				SWIFT_EMIT_LOC_STRINGS = YES;
				SWIFT_VERSION = 5.0;
				TARGETED_DEVICE_FAMILY = "1,2";
			};
			name = Release;
		};
/* End XCBuildConfiguration section */

/* Begin XCConfigurationList section */
		E42E9DDD2A4D7F3A00646494 /* Build configuration list for PBXProject "App_Music" */ = {
			isa = XCConfigurationList;
			buildConfigurations = (
				E42E9DF42A4D7F3A00646494 /* Debug */,
				E42E9DF52A4D7F3A00646494 /* Release */,
			);
			defaultConfigurationIsVisible = 0;
			defaultConfigurationName = Release;
		};
		E42E9DF62A4D7F3A00646494 /* Build configuration list for PBXNativeTarget "App_Music" */ = {
			isa = XCConfigurationList;
			buildConfigurations = (
				E42E9DF72A4D7F3A00646494 /* Debug */,
				E42E9DF82A4D7F3A00646494 /* Release */,
			);
			defaultConfigurationIsVisible = 0;
			defaultConfigurationName = Release;
		};
/* End XCConfigurationList section */
	};
	rootObject = E42E9DDA2A4D7F3A00646494 /* Project object */;
}
